
Microsoft Visual Studio Solution File, Format Version 12.00
# Visual Studio Version 16
VisualStudioVersion = 16.0.30711.63
MinimumVisualStudioVersion = 15.0.26124.0
Project("{9A19103F-16F7-4668-BE54-9A1E7A4F7556}") = "BackendHost", "BackendHost\BackendHost.csproj", "{1F67E442-869E-418D-8D52-BE00E9FC6A4E}"
EndProject
Project("{2150E333-8FDC-42A3-9474-1A3956D46DE8}") = "Solution Items", "Solution Items", "{EDF32AD7-796F-4955-A6F2-3BA74E904AAC}"
	ProjectSection(SolutionItems) = preProject
		.editorconfig = .editorconfig
	EndProjectSection
EndProject
Project("{FAE04EC0-301F-11D3-BF4B-00C04F79EFBC}") = "Common", "Common\Common.csproj", "{768AD46A-8769-4F57-AA59-E04BE2FCF53A}"
EndProject
Project("{FAE04EC0-301F-11D3-BF4B-00C04F79EFBC}") = "BackendDTO", "BackendDTO\BackendDTO.csproj", "{757EB40C-4741-436F-8191-4CD49A49295D}"
EndProject
Project("{FAE04EC0-301F-11D3-BF4B-00C04F79EFBC}") = "BackendService", "BackendService\BackendService.csproj", "{A0E1BA72-06D4-4800-9B42-637CA3BC8367}"
EndProject
Global
	GlobalSection(SolutionConfigurationPlatforms) = preSolution
		Debug|Any CPU = Debug|Any CPU
		Debug|x64 = Debug|x64
		Debug|x86 = Debug|x86
		Release|Any CPU = Release|Any CPU
		Release|x64 = Release|x64
		Release|x86 = Release|x86
	EndGlobalSection
	GlobalSection(ProjectConfigurationPlatforms) = postSolution
		{1F67E442-869E-418D-8D52-BE00E9FC6A4E}.Debug|Any CPU.ActiveCfg = Debug|Any CPU
		{1F67E442-869E-418D-8D52-BE00E9FC6A4E}.Debug|Any CPU.Build.0 = Debug|Any CPU
		{1F67E442-869E-418D-8D52-BE00E9FC6A4E}.Debug|x64.ActiveCfg = Debug|Any CPU
		{1F67E442-869E-418D-8D52-BE00E9FC6A4E}.Debug|x64.Build.0 = Debug|Any CPU
		{1F67E442-869E-418D-8D52-BE00E9FC6A4E}.Debug|x86.ActiveCfg = Debug|Any CPU
		{1F67E442-869E-418D-8D52-BE00E9FC6A4E}.Debug|x86.Build.0 = Debug|Any CPU
		{1F67E442-869E-418D-8D52-BE00E9FC6A4E}.Release|Any CPU.ActiveCfg = Release|Any CPU
		{1F67E442-869E-418D-8D52-BE00E9FC6A4E}.Release|Any CPU.Build.0 = Release|Any CPU
		{1F67E442-869E-418D-8D52-BE00E9FC6A4E}.Release|x64.ActiveCfg = Release|Any CPU
		{1F67E442-869E-418D-8D52-BE00E9FC6A4E}.Release|x64.Build.0 = Release|Any CPU
		{1F67E442-869E-418D-8D52-BE00E9FC6A4E}.Release|x86.ActiveCfg = Release|Any CPU
		{1F67E442-869E-418D-8D52-BE00E9FC6A4E}.Release|x86.Build.0 = Release|Any CPU
		{768AD46A-8769-4F57-AA59-E04BE2FCF53A}.Debug|Any CPU.ActiveCfg = Debug|Any CPU
		{768AD46A-8769-4F57-AA59-E04BE2FCF53A}.Debug|Any CPU.Build.0 = Debug|Any CPU
		{768AD46A-8769-4F57-AA59-E04BE2FCF53A}.Debug|x64.ActiveCfg = Debug|Any CPU
		{768AD46A-8769-4F57-AA59-E04BE2FCF53A}.Debug|x64.Build.0 = Debug|Any CPU
		{768AD46A-8769-4F57-AA59-E04BE2FCF53A}.Debug|x86.ActiveCfg = Debug|Any CPU
		{768AD46A-8769-4F57-AA59-E04BE2FCF53A}.Debug|x86.Build.0 = Debug|Any CPU
		{768AD46A-8769-4F57-AA59-E04BE2FCF53A}.Release|Any CPU.ActiveCfg = Release|Any CPU
		{768AD46A-8769-4F57-AA59-E04BE2FCF53A}.Release|Any CPU.Build.0 = Release|Any CPU
		{768AD46A-8769-4F57-AA59-E04BE2FCF53A}.Release|x64.ActiveCfg = Release|Any CPU
		{768AD46A-8769-4F57-AA59-E04BE2FCF53A}.Release|x64.Build.0 = Release|Any CPU
		{768AD46A-8769-4F57-AA59-E04BE2FCF53A}.Release|x86.ActiveCfg = Release|Any CPU
		{768AD46A-8769-4F57-AA59-E04BE2FCF53A}.Release|x86.Build.0 = Release|Any CPU
		{757EB40C-4741-436F-8191-4CD49A49295D}.Debug|Any CPU.ActiveCfg = Debug|Any CPU
		{757EB40C-4741-436F-8191-4CD49A49295D}.Debug|Any CPU.Build.0 = Debug|Any CPU
		{757EB40C-4741-436F-8191-4CD49A49295D}.Debug|x64.ActiveCfg = Debug|Any CPU
		{757EB40C-4741-436F-8191-4CD49A49295D}.Debug|x64.Build.0 = Debug|Any CPU
		{757EB40C-4741-436F-8191-4CD49A49295D}.Debug|x86.ActiveCfg = Debug|Any CPU
		{757EB40C-4741-436F-8191-4CD49A49295D}.Debug|x86.Build.0 = Debug|Any CPU
		{757EB40C-4741-436F-8191-4CD49A49295D}.Release|Any CPU.ActiveCfg = Release|Any CPU
		{757EB40C-4741-436F-8191-4CD49A49295D}.Release|Any CPU.Build.0 = Release|Any CPU
		{757EB40C-4741-436F-8191-4CD49A49295D}.Release|x64.ActiveCfg = Release|Any CPU
		{757EB40C-4741-436F-8191-4CD49A49295D}.Release|x64.Build.0 = Release|Any CPU
		{757EB40C-4741-436F-8191-4CD49A49295D}.Release|x86.ActiveCfg = Release|Any CPU
		{757EB40C-4741-436F-8191-4CD49A49295D}.Release|x86.Build.0 = Release|Any CPU
		{A0E1BA72-06D4-4800-9B42-637CA3BC8367}.Debug|Any CPU.ActiveCfg = Debug|Any CPU
		{A0E1BA72-06D4-4800-9B42-637CA3BC8367}.Debug|Any CPU.Build.0 = Debug|Any CPU
		{A0E1BA72-06D4-4800-9B42-637CA3BC8367}.Debug|x64.ActiveCfg = Debug|Any CPU
		{A0E1BA72-06D4-4800-9B42-637CA3BC8367}.Debug|x64.Build.0 = Debug|Any CPU
		{A0E1BA72-06D4-4800-9B42-637CA3BC8367}.Debug|x86.ActiveCfg = Debug|Any CPU
		{A0E1BA72-06D4-4800-9B42-637CA3BC8367}.Debug|x86.Build.0 = Debug|Any CPU
		{A0E1BA72-06D4-4800-9B42-637CA3BC8367}.Release|Any CPU.ActiveCfg = Release|Any CPU
		{A0E1BA72-06D4-4800-9B42-637CA3BC8367}.Release|Any CPU.Build.0 = Release|Any CPU
		{A0E1BA72-06D4-4800-9B42-637CA3BC8367}.Release|x64.ActiveCfg = Release|Any CPU
		{A0E1BA72-06D4-4800-9B42-637CA3BC8367}.Release|x64.Build.0 = Release|Any CPU
		{A0E1BA72-06D4-4800-9B42-637CA3BC8367}.Release|x86.ActiveCfg = Release|Any CPU
		{A0E1BA72-06D4-4800-9B42-637CA3BC8367}.Release|x86.Build.0 = Release|Any CPU
	EndGlobalSection
	GlobalSection(SolutionProperties) = preSolution
		HideSolutionNode = FALSE
	EndGlobalSection
	GlobalSection(ExtensibilityGlobals) = postSolution
		SolutionGuid = {D3F231B7-7D21-405B-ADA4-007C57863C92}
	EndGlobalSection
EndGlobal
